
Microsoft Visual Studio Solution File, Format Version 12.00
# Visual Studio Version 16
VisualStudioVersion = 16.0.31515.178
MinimumVisualStudioVersion = 10.0.40219.1
Project("{F184B08F-C81C-45F6-A57F-5ABD9991F28F}") = "200714618_PROYECTO", "200714618_PROYECTO.vbproj", "{5B4B5A1A-C29F-4497-B075-E639E1B8A2D0}"
EndProject
Global
	GlobalSection(SolutionConfigurationPlatforms) = preSolution
		Debug|Any CPU = Debug|Any CPU
		Release|Any CPU = Release|Any CPU
	EndGlobalSection
	GlobalSection(ProjectConfigurationPlatforms) = postSolution
		{5B4B5A1A-C29F-4497-B075-E639E1B8A2D0}.Debug|Any CPU.ActiveCfg = Debug|Any CPU
		{5B4B5A1A-C29F-4497-B075-E639E1B8A2D0}.Debug|Any CPU.Build.0 = Debug|Any CPU
		{5B4B5A1A-C29F-4497-B075-E639E1B8A2D0}.Release|Any CPU.ActiveCfg = Release|Any CPU
		{5B4B5A1A-C29F-4497-B075-E639E1B8A2D0}.Release|Any CPU.Build.0 = Release|Any CPU
	EndGlobalSection
	GlobalSection(SolutionProperties) = preSolution
		HideSolutionNode = FALSE
	EndGlobalSection
	GlobalSection(ExtensibilityGlobals) = postSolution
		SolutionGuid = {51168650-730B-45C7-BE5C-3CFE347A1FB7}
	EndGlobalSection
EndGlobal
